
Microsoft Visual Studio Solution File, Format Version 12.00
# Visual Studio Version 17
VisualStudioVersion = 17.13.35931.197 d17.13
MinimumVisualStudioVersion = 10.0.40219.1
Project("{FAE04EC0-301F-11D3-BF4B-00C04F79EFBC}") = "FlightService", "FlightService\FlightService.csproj", "{817B5B16-9C46-4275-8A48-F7774823C108}"
EndProject
Project("{FAE04EC0-301F-11D3-BF4B-00C04F79EFBC}") = "BookingService", "BookingService\BookingService.csproj", "{30B0A557-161C-472B-9E3F-31AF67B529C4}"
EndProject
Global
	GlobalSection(SolutionConfigurationPlatforms) = preSolution
		Debug|Any CPU = Debug|Any CPU
		Release|Any CPU = Release|Any CPU
	EndGlobalSection
	GlobalSection(ProjectConfigurationPlatforms) = postSolution
		{817B5B16-9C46-4275-8A48-F7774823C108}.Debug|Any CPU.ActiveCfg = Debug|Any CPU
		{817B5B16-9C46-4275-8A48-F7774823C108}.Debug|Any CPU.Build.0 = Debug|Any CPU
		{817B5B16-9C46-4275-8A48-F7774823C108}.Release|Any CPU.ActiveCfg = Release|Any CPU
		{817B5B16-9C46-4275-8A48-F7774823C108}.Release|Any CPU.Build.0 = Release|Any CPU
		{30B0A557-161C-472B-9E3F-31AF67B529C4}.Debug|Any CPU.ActiveCfg = Debug|Any CPU
		{30B0A557-161C-472B-9E3F-31AF67B529C4}.Debug|Any CPU.Build.0 = Debug|Any CPU
		{30B0A557-161C-472B-9E3F-31AF67B529C4}.Release|Any CPU.ActiveCfg = Release|Any CPU
		{30B0A557-161C-472B-9E3F-31AF67B529C4}.Release|Any CPU.Build.0 = Release|Any CPU
	EndGlobalSection
	GlobalSection(SolutionProperties) = preSolution
		HideSolutionNode = FALSE
	EndGlobalSection
	GlobalSection(ExtensibilityGlobals) = postSolution
		SolutionGuid = {75F20EC5-7F71-4430-AE24-0BD454A19619}
	EndGlobalSection
EndGlobal
